# This file is @generated by PDM.
# It is not intended for manual editing.

[metadata]
groups = ["default", "dev"]
strategy = ["inherit_metadata"]
lock_version = "4.5.0"
content_hash = "sha256:1b7289b5a9618dbd42a780d9a676ef1a274177de398c7bba630d8348a5f1c6ab"

[[metadata.targets]]
requires_python = ">=3.10"

[[package]]
name = "black"
version = "24.10.0"
requires_python = ">=3.9"
summary = "The uncompromising code formatter."
groups = ["dev"]
dependencies = [
    "click>=8.0.0",
    "mypy-extensions>=0.4.3",
    "packaging>=22.0",
    "pathspec>=0.9.0",
    "platformdirs>=2",
    "tomli>=1.1.0; python_version < \"3.11\"",
    "typing-extensions>=4.0.1; python_version < \"3.11\"",
]
files = [
    {file = "black-24.10.0-cp310-cp310-macosx_10_9_x86_64.whl", hash = "sha256:e6668650ea4b685440857138e5fe40cde4d652633b1bdffc62933d0db4ed9812"},
    {file = "black-24.10.0-cp310-cp310-macosx_11_0_arm64.whl", hash = "sha256:1c536fcf674217e87b8cc3657b81809d3c085d7bf3ef262ead700da345bfa6ea"},
    {file = "black-24.10.0-cp310-cp310-manylinux_2_17_x86_64.manylinux2014_x86_64.manylinux_2_28_x86_64.whl", hash = "sha256:649fff99a20bd06c6f727d2a27f401331dc0cc861fb69cde910fe95b01b5928f"},
    {file = "black-24.10.0-cp310-cp310-win_amd64.whl", hash = "sha256:fe4d6476887de70546212c99ac9bd803d90b42fc4767f058a0baa895013fbb3e"},
    {file = "black-24.10.0-cp311-cp311-macosx_10_9_x86_64.whl", hash = "sha256:5a2221696a8224e335c28816a9d331a6c2ae15a2ee34ec857dcf3e45dbfa99ad"},
    {file = "black-24.10.0-cp311-cp311-macosx_11_0_arm64.whl", hash = "sha256:f9da3333530dbcecc1be13e69c250ed8dfa67f43c4005fb537bb426e19200d50"},
    {file = "black-24.10.0-cp311-cp311-manylinux_2_17_x86_64.manylinux2014_x86_64.manylinux_2_28_x86_64.whl", hash = "sha256:4007b1393d902b48b36958a216c20c4482f601569d19ed1df294a496eb366392"},
    {file = "black-24.10.0-cp311-cp311-win_amd64.whl", hash = "sha256:394d4ddc64782e51153eadcaaca95144ac4c35e27ef9b0a42e121ae7e57a9175"},
    {file = "black-24.10.0-cp312-cp312-macosx_10_13_x86_64.whl", hash = "sha256:b5e39e0fae001df40f95bd8cc36b9165c5e2ea88900167bddf258bacef9bbdc3"},
    {file = "black-24.10.0-cp312-cp312-macosx_11_0_arm64.whl", hash = "sha256:d37d422772111794b26757c5b55a3eade028aa3fde43121ab7b673d050949d65"},
    {file = "black-24.10.0-cp312-cp312-manylinux_2_17_x86_64.manylinux2014_x86_64.manylinux_2_28_x86_64.whl", hash = "sha256:14b3502784f09ce2443830e3133dacf2c0110d45191ed470ecb04d0f5f6fcb0f"},
    {file = "black-24.10.0-cp312-cp312-win_amd64.whl", hash = "sha256:30d2c30dc5139211dda799758559d1b049f7f14c580c409d6ad925b74a4208a8"},
    {file = "black-24.10.0-cp313-cp313-macosx_10_13_x86_64.whl", hash = "sha256:1cbacacb19e922a1d75ef2b6ccaefcd6e93a2c05ede32f06a21386a04cedb981"},
    {file = "black-24.10.0-cp313-cp313-macosx_11_0_arm64.whl", hash = "sha256:1f93102e0c5bb3907451063e08b9876dbeac810e7da5a8bfb7aeb5a9ef89066b"},
    {file = "black-24.10.0-cp313-cp313-manylinux_2_17_x86_64.manylinux2014_x86_64.manylinux_2_28_x86_64.whl", hash = "sha256:ddacb691cdcdf77b96f549cf9591701d8db36b2f19519373d60d31746068dbf2"},
    {file = "black-24.10.0-cp313-cp313-win_amd64.whl", hash = "sha256:680359d932801c76d2e9c9068d05c6b107f2584b2a5b88831c83962eb9984c1b"},
    {file = "black-24.10.0-py3-none-any.whl", hash = "sha256:3bb2b7a1f7b685f85b11fed1ef10f8a9148bceb49853e47a294a3dd963c1dd7d"},
    {file = "black-24.10.0.tar.gz", hash = "sha256:846ea64c97afe3bc677b761787993be4991810ecc7a4a937816dd6bddedc4875"},
]

[[package]]
name = "click"
version = "8.1.7"
requires_python = ">=3.7"
summary = "Composable command line interface toolkit"
groups = ["dev"]
dependencies = [
    "colorama; platform_system == \"Windows\"",
    "importlib-metadata; python_version < \"3.8\"",
]
files = [
    {file = "click-8.1.7-py3-none-any.whl", hash = "sha256:ae74fb96c20a0277a1d615f1e4d73c8414f5a98db8b799a7931d1582f3390c28"},
    {file = "click-8.1.7.tar.gz", hash = "sha256:ca9853ad459e787e2192211578cc907e7594e294c7ccc834310722b41b9ca6de"},
]

[[package]]
name = "colorama"
version = "0.4.6"
requires_python = "!=3.0.*,!=3.1.*,!=3.2.*,!=3.3.*,!=3.4.*,!=3.5.*,!=3.6.*,>=2.7"
summary = "Cross-platform colored terminal text."
groups = ["dev"]
marker = "platform_system == \"Windows\""
files = [
    {file = "colorama-0.4.6-py2.py3-none-any.whl", hash = "sha256:4f1d9991f5acc0ca119f9d443620b77f9d6b33703e51011c16baf57afb285fc6"},
    {file = "colorama-0.4.6.tar.gz", hash = "sha256:08695f5cb7ed6e0531a20572697297273c47b8cae5a63ffc6d6ed5c201be6e44"},
]

[[package]]
name = "filelock"
version = "3.16.1"
requires_python = ">=3.8"
summary = "A platform independent file lock."
groups = ["default"]
files = [
    {file = "filelock-3.16.1-py3-none-any.whl", hash = "sha256:2082e5703d51fbf98ea75855d9d5527e33d8ff23099bec374a134febee6946b0"},
    {file = "filelock-3.16.1.tar.gz", hash = "sha256:c249fbfcd5db47e5e2d6d62198e565475ee65e4831e2561c8e313fa7eb961435"},
]

[[package]]
name = "gitdb"
version = "4.0.11"
requires_python = ">=3.7"
summary = "Git Object Database"
groups = ["dev"]
dependencies = [
    "smmap<6,>=3.0.1",
]
files = [
    {file = "gitdb-4.0.11-py3-none-any.whl", hash = "sha256:81a3407ddd2ee8df444cbacea00e2d038e40150acfa3001696fe0dcf1d3adfa4"},
    {file = "gitdb-4.0.11.tar.gz", hash = "sha256:bf5421126136d6d0af55bc1e7c1af1c397a34f5b7bd79e776cd3e89785c2b04b"},
]

[[package]]
name = "gitpython"
version = "3.1.43"
requires_python = ">=3.7"
summary = "GitPython is a Python library used to interact with Git repositories"
groups = ["dev"]
dependencies = [
    "gitdb<5,>=4.0.1",
    "typing-extensions>=3.7.4.3; python_version < \"3.8\"",
]
files = [
    {file = "GitPython-3.1.43-py3-none-any.whl", hash = "sha256:eec7ec56b92aad751f9912a73404bc02ba212a23adb2c7098ee668417051a1ff"},
    {file = "GitPython-3.1.43.tar.gz", hash = "sha256:35f314a9f878467f5453cc1fee295c3e18e52f1b99f10f6cf5b1682e968a9e7c"},
]

[[package]]
name = "isort"
version = "5.13.2"
requires_python = ">=3.8.0"
summary = "A Python utility / library to sort Python imports."
groups = ["dev"]
files = [
    {file = "isort-5.13.2-py3-none-any.whl", hash = "sha256:8ca5e72a8d85860d5a3fa69b8745237f2939afe12dbf656afbcb47fe72d947a6"},
    {file = "isort-5.13.2.tar.gz", hash = "sha256:48fdfcb9face5d58a4f6dde2e72a1fb8dcaf8ab26f95ab49fab84c2ddefb0109"},
]

[[package]]
name = "mypy"
version = "1.11.2"
requires_python = ">=3.8"
summary = "Optional static typing for Python"
groups = ["dev"]
dependencies = [
    "mypy-extensions>=1.0.0",
    "tomli>=1.1.0; python_version < \"3.11\"",
    "typing-extensions>=4.6.0",
]
files = [
    {file = "mypy-1.11.2-cp310-cp310-macosx_10_9_x86_64.whl", hash = "sha256:d42a6dd818ffce7be66cce644f1dff482f1d97c53ca70908dff0b9ddc120b77a"},
    {file = "mypy-1.11.2-cp310-cp310-macosx_11_0_arm64.whl", hash = "sha256:801780c56d1cdb896eacd5619a83e427ce436d86a3bdf9112527f24a66618fef"},
    {file = "mypy-1.11.2-cp310-cp310-manylinux_2_17_x86_64.manylinux2014_x86_64.manylinux_2_28_x86_64.whl", hash = "sha256:41ea707d036a5307ac674ea172875f40c9d55c5394f888b168033177fce47383"},
    {file = "mypy-1.11.2-cp310-cp310-musllinux_1_1_x86_64.whl", hash = "sha256:6e658bd2d20565ea86da7d91331b0eed6d2eee22dc031579e6297f3e12c758c8"},
    {file = "mypy-1.11.2-cp310-cp310-win_amd64.whl", hash = "sha256:478db5f5036817fe45adb7332d927daa62417159d49783041338921dcf646fc7"},
    {file = "mypy-1.11.2-cp311-cp311-macosx_10_9_x86_64.whl", hash = "sha256:75746e06d5fa1e91bfd5432448d00d34593b52e7e91a187d981d08d1f33d4385"},
    {file = "mypy-1.11.2-cp311-cp311-macosx_11_0_arm64.whl", hash = "sha256:a976775ab2256aadc6add633d44f100a2517d2388906ec4f13231fafbb0eccca"},
    {file = "mypy-1.11.2-cp311-cp311-manylinux_2_17_x86_64.manylinux2014_x86_64.manylinux_2_28_x86_64.whl", hash = "sha256:cd953f221ac1379050a8a646585a29574488974f79d8082cedef62744f0a0104"},
    {file = "mypy-1.11.2-cp311-cp311-musllinux_1_1_x86_64.whl", hash = "sha256:57555a7715c0a34421013144a33d280e73c08df70f3a18a552938587ce9274f4"},
    {file = "mypy-1.11.2-cp311-cp311-win_amd64.whl", hash = "sha256:36383a4fcbad95f2657642a07ba22ff797de26277158f1cc7bd234821468b1b6"},
    {file = "mypy-1.11.2-cp312-cp312-macosx_10_9_x86_64.whl", hash = "sha256:e8960dbbbf36906c5c0b7f4fbf2f0c7ffb20f4898e6a879fcf56a41a08b0d318"},
    {file = "mypy-1.11.2-cp312-cp312-macosx_11_0_arm64.whl", hash = "sha256:06d26c277962f3fb50e13044674aa10553981ae514288cb7d0a738f495550b36"},
    {file = "mypy-1.11.2-cp312-cp312-manylinux_2_17_x86_64.manylinux2014_x86_64.manylinux_2_28_x86_64.whl", hash = "sha256:6e7184632d89d677973a14d00ae4d03214c8bc301ceefcdaf5c474866814c987"},
    {file = "mypy-1.11.2-cp312-cp312-musllinux_1_1_x86_64.whl", hash = "sha256:3a66169b92452f72117e2da3a576087025449018afc2d8e9bfe5ffab865709ca"},
    {file = "mypy-1.11.2-cp312-cp312-win_amd64.whl", hash = "sha256:969ea3ef09617aff826885a22ece0ddef69d95852cdad2f60c8bb06bf1f71f70"},
    {file = "mypy-1.11.2-py3-none-any.whl", hash = "sha256:b499bc07dbdcd3de92b0a8b29fdf592c111276f6a12fe29c30f6c417dd546d12"},
    {file = "mypy-1.11.2.tar.gz", hash = "sha256:7f9993ad3e0ffdc95c2a14b66dee63729f021968bff8ad911867579c65d13a79"},
]

[[package]]
name = "mypy-extensions"
version = "1.0.0"
requires_python = ">=3.5"
summary = "Type system extensions for programs checked with the mypy type checker."
groups = ["dev"]
files = [
    {file = "mypy_extensions-1.0.0-py3-none-any.whl", hash = "sha256:4392f6c0eb8a5668a69e23d168ffa70f0be9ccfd32b5cc2d26a34ae5b844552d"},
    {file = "mypy_extensions-1.0.0.tar.gz", hash = "sha256:75dbf8955dc00442a438fc4d0666508a9a97b6bd41aa2f0ffe9d2f2725af0782"},
]

[[package]]
name = "packaging"
version = "24.1"
requires_python = ">=3.8"
summary = "Core utilities for Python packages"
groups = ["dev"]
files = [
    {file = "packaging-24.1-py3-none-any.whl", hash = "sha256:5b8f2217dbdbd2f7f384c41c628544e6d52f2d0f53c6d0c3ea61aa5d1d7ff124"},
    {file = "packaging-24.1.tar.gz", hash = "sha256:026ed72c8ed3fcce5bf8950572258698927fd1dbda10a5e981cdf0ac37f4f002"},
]

[[package]]
name = "pathspec"
version = "0.12.1"
requires_python = ">=3.8"
summary = "Utility library for gitignore style pattern matching of file paths."
groups = ["dev"]
files = [
    {file = "pathspec-0.12.1-py3-none-any.whl", hash = "sha256:a0d503e138a4c123b27490a4f7beda6a01c6f288df0e4a8b79c7eb0dc7b4cc08"},
    {file = "pathspec-0.12.1.tar.gz", hash = "sha256:a482d51503a1ab33b1c67a6c3813a26953dbdc71c31dacaef9a838c4e29f5712"},
]

[[package]]
name = "platformdirs"
version = "4.3.6"
requires_python = ">=3.8"
summary = "A small Python package for determining appropriate platform-specific dirs, e.g. a `user data dir`."
groups = ["dev"]
files = [
    {file = "platformdirs-4.3.6-py3-none-any.whl", hash = "sha256:73e575e1408ab8103900836b97580d5307456908a03e92031bab39e4554cc3fb"},
    {file = "platformdirs-4.3.6.tar.gz", hash = "sha256:357fb2acbc885b0419afd3ce3ed34564c13c9b95c89360cd9563f73aa5e2b907"},
]

[[package]]
name = "python-xlib"
version = "0.33"
summary = "Python X Library"
groups = ["default"]
dependencies = [
    "six>=1.10.0",
]
files = [
    {file = "python-xlib-0.33.tar.gz", hash = "sha256:55af7906a2c75ce6cb280a584776080602444f75815a7aff4d287bb2d7018b32"},
    {file = "python_xlib-0.33-py2.py3-none-any.whl", hash = "sha256:c3534038d42e0df2f1392a1b30a15a4ff5fdc2b86cfa94f072bf11b10a164398"},
]

[[package]]
name = "ruff"
version = "0.6.9"
requires_python = ">=3.7"
summary = "An extremely fast Python linter and code formatter, written in Rust."
groups = ["dev"]
files = [
    {file = "ruff-0.6.9-py3-none-linux_armv6l.whl", hash = "sha256:064df58d84ccc0ac0fcd63bc3090b251d90e2a372558c0f057c3f75ed73e1ccd"},
    {file = "ruff-0.6.9-py3-none-macosx_10_12_x86_64.whl", hash = "sha256:140d4b5c9f5fc7a7b074908a78ab8d384dd7f6510402267bc76c37195c02a7ec"},
    {file = "ruff-0.6.9-py3-none-macosx_11_0_arm64.whl", hash = "sha256:53fd8ca5e82bdee8da7f506d7b03a261f24cd43d090ea9db9a1dc59d9313914c"},
    {file = "ruff-0.6.9-py3-none-manylinux_2_17_aarch64.manylinux2014_aarch64.whl", hash = "sha256:645d7d8761f915e48a00d4ecc3686969761df69fb561dd914a773c1a8266e14e"},
    {file = "ruff-0.6.9-py3-none-manylinux_2_17_armv7l.manylinux2014_armv7l.whl", hash = "sha256:eae02b700763e3847595b9d2891488989cac00214da7f845f4bcf2989007d577"},
    {file = "ruff-0.6.9-py3-none-manylinux_2_17_i686.manylinux2014_i686.whl", hash = "sha256:7d5ccc9e58112441de8ad4b29dcb7a86dc25c5f770e3c06a9d57e0e5eba48829"},
    {file = "ruff-0.6.9-py3-none-manylinux_2_17_ppc64.manylinux2014_ppc64.whl", hash = "sha256:417b81aa1c9b60b2f8edc463c58363075412866ae4e2b9ab0f690dc1e87ac1b5"},
    {file = "ruff-0.6.9-py3-none-manylinux_2_17_ppc64le.manylinux2014_ppc64le.whl", hash = "sha256:3c866b631f5fbce896a74a6e4383407ba7507b815ccc52bcedabb6810fdb3ef7"},
    {file = "ruff-0.6.9-py3-none-manylinux_2_17_s390x.manylinux2014_s390x.whl", hash = "sha256:7b118afbb3202f5911486ad52da86d1d52305b59e7ef2031cea3425142b97d6f"},
    {file = "ruff-0.6.9-py3-none-manylinux_2_17_x86_64.manylinux2014_x86_64.whl", hash = "sha256:a67267654edc23c97335586774790cde402fb6bbdb3c2314f1fc087dee320bfa"},
    {file = "ruff-0.6.9-py3-none-musllinux_1_2_aarch64.whl", hash = "sha256:3ef0cc774b00fec123f635ce5c547dac263f6ee9fb9cc83437c5904183b55ceb"},
    {file = "ruff-0.6.9-py3-none-musllinux_1_2_armv7l.whl", hash = "sha256:12edd2af0c60fa61ff31cefb90aef4288ac4d372b4962c2864aeea3a1a2460c0"},
    {file = "ruff-0.6.9-py3-none-musllinux_1_2_i686.whl", hash = "sha256:55bb01caeaf3a60b2b2bba07308a02fca6ab56233302406ed5245180a05c5625"},
    {file = "ruff-0.6.9-py3-none-musllinux_1_2_x86_64.whl", hash = "sha256:925d26471fa24b0ce5a6cdfab1bb526fb4159952385f386bdcc643813d472039"},
    {file = "ruff-0.6.9-py3-none-win32.whl", hash = "sha256:eb61ec9bdb2506cffd492e05ac40e5bc6284873aceb605503d8494180d6fc84d"},
    {file = "ruff-0.6.9-py3-none-win_amd64.whl", hash = "sha256:785d31851c1ae91f45b3d8fe23b8ae4b5170089021fbb42402d811135f0b7117"},
    {file = "ruff-0.6.9-py3-none-win_arm64.whl", hash = "sha256:a9641e31476d601f83cd602608739a0840e348bda93fec9f1ee816f8b6798b93"},
    {file = "ruff-0.6.9.tar.gz", hash = "sha256:b076ef717a8e5bc819514ee1d602bbdca5b4420ae13a9cf61a0c0a4f53a2baa2"},
]

[[package]]
name = "six"
version = "1.16.0"
requires_python = ">=2.7, !=3.0.*, !=3.1.*, !=3.2.*"
summary = "Python 2 and 3 compatibility utilities"
groups = ["default"]
files = [
    {file = "six-1.16.0-py2.py3-none-any.whl", hash = "sha256:8abb2f1d86890a2dfb989f9a77cfcfd3e47c2a354b01111771326f8aa26e0254"},
    {file = "six-1.16.0.tar.gz", hash = "sha256:1e61c37477a1626458e36f7b1d82aa5c9b094fa4802892072e49de9c60c4c926"},
]

[[package]]
name = "smmap"
version = "5.0.1"
requires_python = ">=3.7"
summary = "A pure Python implementation of a sliding window memory map manager"
groups = ["dev"]
files = [
    {file = "smmap-5.0.1-py3-none-any.whl", hash = "sha256:e6d8668fa5f93e706934a62d7b4db19c8d9eb8cf2adbb75ef1b675aa332b69da"},
    {file = "smmap-5.0.1.tar.gz", hash = "sha256:dceeb6c0028fdb6734471eb07c0cd2aae706ccaecab45965ee83f11c8d3b1f62"},
]

[[package]]
name = "toml-sort"
version = "0.23.1"
requires_python = ">=3.7,<4.0"
summary = "Toml sorting library"
groups = ["dev"]
dependencies = [
    "tomlkit>=0.11.2",
]
files = [
    {file = "toml_sort-0.23.1-py3-none-any.whl", hash = "sha256:69ae60de9c4d67478533697eb4119092e2b30ddffe5ca09bbad3912905c935a0"},
    {file = "toml_sort-0.23.1.tar.gz", hash = "sha256:833728c48b0f8d509aecd9ae8347768ca3a9332977b32c9fd2002932f0eb9c90"},
]

[[package]]
name = "tomli"
version = "2.0.2"
requires_python = ">=3.8"
summary = "A lil' TOML parser"
groups = ["dev"]
marker = "python_version < \"3.11\""
files = [
    {file = "tomli-2.0.2-py3-none-any.whl", hash = "sha256:2ebe24485c53d303f690b0ec092806a085f07af5a5aa1464f3931eec36caaa38"},
    {file = "tomli-2.0.2.tar.gz", hash = "sha256:d46d457a85337051c36524bc5349dd91b1877838e2979ac5ced3e710ed8a60ed"},
]

[[package]]
name = "tomlkit"
version = "0.13.2"
requires_python = ">=3.8"
summary = "Style preserving TOML library"
groups = ["dev"]
files = [
    {file = "tomlkit-0.13.2-py3-none-any.whl", hash = "sha256:7a974427f6e119197f670fbbbeae7bef749a6c14e793db934baefc1b5f03efde"},
    {file = "tomlkit-0.13.2.tar.gz", hash = "sha256:fff5fe59a87295b278abd31bec92c15d9bc4a06885ab12bcea52c71119392e79"},
]

[[package]]
name = "types-pyyaml"
version = "6.0.12.20240917"
requires_python = ">=3.8"
summary = "Typing stubs for PyYAML"
groups = ["dev"]
files = [
    {file = "types-PyYAML-6.0.12.20240917.tar.gz", hash = "sha256:d1405a86f9576682234ef83bcb4e6fff7c9305c8b1fbad5e0bcd4f7dbdc9c587"},
    {file = "types_PyYAML-6.0.12.20240917-py3-none-any.whl", hash = "sha256:392b267f1c0fe6022952462bf5d6523f31e37f6cea49b14cee7ad634b6301570"},
]

[[package]]
name = "typing-extensions"
version = "4.12.2"
requires_python = ">=3.8"
summary = "Backported and Experimental Type Hints for Python 3.8+"
groups = ["dev"]
files = [
    {file = "typing_extensions-4.12.2-py3-none-any.whl", hash = "sha256:04e5ca0351e0f3f85c6853954072df659d0d13fac324d0072316b67d7794700d"},
    {file = "typing_extensions-4.12.2.tar.gz", hash = "sha256:1a7ead55c7e559dd4dee8856e3a88b41225abfe1ce8df57b7c13915fe121ffb8"},
]
